
Microsoft Visual Studio Solution File, Format Version 12.00
# Visual Studio Version 16
VisualStudioVersion = 16.0.30309.148
MinimumVisualStudioVersion = 10.0.40219.1
Project("{FAE04EC0-301F-11D3-BF4B-00C04F79EFBC}") = "TetrisGame", "TetrisGame\TetrisGame.csproj", "{B7F98495-C79F-4A34-89C7-62370FB062A0}"
EndProject
Global
	GlobalSection(SolutionConfigurationPlatforms) = preSolution
		Debug|Any CPU = Debug|Any CPU
		Release|Any CPU = Release|Any CPU
	EndGlobalSection
	GlobalSection(ProjectConfigurationPlatforms) = postSolution
		{B7F98495-C79F-4A34-89C7-62370FB062A0}.Debug|Any CPU.ActiveCfg = Debug|Any CPU
		{B7F98495-C79F-4A34-89C7-62370FB062A0}.Debug|Any CPU.Build.0 = Debug|Any CPU
		{B7F98495-C79F-4A34-89C7-62370FB062A0}.Release|Any CPU.ActiveCfg = Release|Any CPU
		{B7F98495-C79F-4A34-89C7-62370FB062A0}.Release|Any CPU.Build.0 = Release|Any CPU
	EndGlobalSection
	GlobalSection(SolutionProperties) = preSolution
		HideSolutionNode = FALSE
	EndGlobalSection
	GlobalSection(ExtensibilityGlobals) = postSolution
		SolutionGuid = {8CFA68BB-EF94-4F7E-BFA3-C8BFE7752938}
	EndGlobalSection
EndGlobal
